
Microsoft Visual Studio Solution File, Format Version 12.00
# Visual Studio 15
VisualStudioVersion = 15.0.27428.2037
MinimumVisualStudioVersion = 10.0.40219.1
Project("{FAE04EC0-301F-11D3-BF4B-00C04F79EFBC}") = "YourFavoriteThings", "YourFavoriteThings\YourFavoriteThings.csproj", "{CDC885F8-53A1-43E9-99B0-39B71B0A6EAE}"
EndProject
Global
	GlobalSection(SolutionConfigurationPlatforms) = preSolution
		Debug|Any CPU = Debug|Any CPU
		Release|Any CPU = Release|Any CPU
	EndGlobalSection
	GlobalSection(ProjectConfigurationPlatforms) = postSolution
		{CDC885F8-53A1-43E9-99B0-39B71B0A6EAE}.Debug|Any CPU.ActiveCfg = Debug|Any CPU
		{CDC885F8-53A1-43E9-99B0-39B71B0A6EAE}.Debug|Any CPU.Build.0 = Debug|Any CPU
		{CDC885F8-53A1-43E9-99B0-39B71B0A6EAE}.Release|Any CPU.ActiveCfg = Release|Any CPU
		{CDC885F8-53A1-43E9-99B0-39B71B0A6EAE}.Release|Any CPU.Build.0 = Release|Any CPU
	EndGlobalSection
	GlobalSection(SolutionProperties) = preSolution
		HideSolutionNode = FALSE
	EndGlobalSection
	GlobalSection(ExtensibilityGlobals) = postSolution
		SolutionGuid = {34875CF8-3A5A-4926-BEAB-6C1FADF3B460}
	EndGlobalSection
EndGlobal
